
Microsoft Visual Studio Solution File, Format Version 12.00
# Visual Studio 2013
VisualStudioVersion = 12.0.40629.0
MinimumVisualStudioVersion = 10.0.40219.1
Project("{FAE04EC0-301F-11D3-BF4B-00C04F79EFBC}") = "WpfApplicationServer", "WpfApplicationServer\WpfApplicationServer.csproj", "{61C8DF63-7806-4A17-A2DA-60300CC38D27}"
EndProject
Project("{FAE04EC0-301F-11D3-BF4B-00C04F79EFBC}") = "DataContract", "DataContract\DataContract.csproj", "{7E22FCFD-42BD-4BC6-9191-58BD2DF2D458}"
EndProject
Global
	GlobalSection(SolutionConfigurationPlatforms) = preSolution
		Debug|Any CPU = Debug|Any CPU
		Release|Any CPU = Release|Any CPU
	EndGlobalSection
	GlobalSection(ProjectConfigurationPlatforms) = postSolution
		{61C8DF63-7806-4A17-A2DA-60300CC38D27}.Debug|Any CPU.ActiveCfg = Debug|Any CPU
		{61C8DF63-7806-4A17-A2DA-60300CC38D27}.Debug|Any CPU.Build.0 = Debug|Any CPU
		{61C8DF63-7806-4A17-A2DA-60300CC38D27}.Release|Any CPU.ActiveCfg = Release|Any CPU
		{61C8DF63-7806-4A17-A2DA-60300CC38D27}.Release|Any CPU.Build.0 = Release|Any CPU
		{7E22FCFD-42BD-4BC6-9191-58BD2DF2D458}.Debug|Any CPU.ActiveCfg = Debug|Any CPU
		{7E22FCFD-42BD-4BC6-9191-58BD2DF2D458}.Debug|Any CPU.Build.0 = Debug|Any CPU
		{7E22FCFD-42BD-4BC6-9191-58BD2DF2D458}.Release|Any CPU.ActiveCfg = Release|Any CPU
		{7E22FCFD-42BD-4BC6-9191-58BD2DF2D458}.Release|Any CPU.Build.0 = Release|Any CPU
	EndGlobalSection
	GlobalSection(SolutionProperties) = preSolution
		HideSolutionNode = FALSE
	EndGlobalSection
EndGlobal
